
Microsoft Visual Studio Solution File, Format Version 12.00
# Visual Studio Version 17
VisualStudioVersion = 17.4.33122.133
MinimumVisualStudioVersion = 10.0.40219.1
Project("{8BC9CEB8-8B4A-11D0-8D11-00A0C91BC942}") = "MainDLL (x86)", "MainDLL\MainDLL.vcxproj", "{D00A2D7E-08DD-4E24-A78C-C7070A640B44}"
EndProject
Project("{FAE04EC0-301F-11D3-BF4B-00C04F79EFBC}") = "CherryApp", "CherryApp\CherryApp.csproj", "{F801D6CF-E68E-472E-A851-33FC9E283ADA}"
EndProject
Project("{8BC9CEB8-8B4A-11D0-8D11-00A0C91BC942}") = "Cherry-Android", "Cherry-Android\Cherry-Android.vcxproj", "{C30080B9-2E72-4AC1-9952-9A51CC90693E}"
EndProject
Project("{8BC9CEB8-8B4A-11D0-8D11-00A0C91BC942}") = "PageDecrypter (x64)", "PageDecrypter\PageDecrypter.vcxproj", "{5E9EE09E-8031-4818-BD43-99E77743AFC6}"
EndProject
Project("{8BC9CEB8-8B4A-11D0-8D11-00A0C91BC942}") = "UWP-Main", "UWP-Main\UWP-Main.vcxproj", "{E168D24B-9D26-4203-8912-38E6B5409535}"
EndProject
Global
	GlobalSection(SolutionConfigurationPlatforms) = preSolution
		Debug|Any CPU = Debug|Any CPU
		Debug|ARM = Debug|ARM
		Debug|ARM64 = Debug|ARM64
		Debug|x64 = Debug|x64
		Debug|x86 = Debug|x86
		Release|Any CPU = Release|Any CPU
		Release|ARM = Release|ARM
		Release|ARM64 = Release|ARM64
		Release|x64 = Release|x64
		Release|x86 = Release|x86
	EndGlobalSection
	GlobalSection(ProjectConfigurationPlatforms) = postSolution
		{D00A2D7E-08DD-4E24-A78C-C7070A640B44}.Debug|Any CPU.ActiveCfg = Debug|x64
		{D00A2D7E-08DD-4E24-A78C-C7070A640B44}.Debug|Any CPU.Build.0 = Debug|x64
		{D00A2D7E-08DD-4E24-A78C-C7070A640B44}.Debug|ARM.ActiveCfg = Debug|x64
		{D00A2D7E-08DD-4E24-A78C-C7070A640B44}.Debug|ARM.Build.0 = Debug|x64
		{D00A2D7E-08DD-4E24-A78C-C7070A640B44}.Debug|ARM64.ActiveCfg = Debug|x64
		{D00A2D7E-08DD-4E24-A78C-C7070A640B44}.Debug|ARM64.Build.0 = Debug|x64
		{D00A2D7E-08DD-4E24-A78C-C7070A640B44}.Debug|x64.ActiveCfg = Debug|x64
		{D00A2D7E-08DD-4E24-A78C-C7070A640B44}.Debug|x64.Build.0 = Debug|x64
		{D00A2D7E-08DD-4E24-A78C-C7070A640B44}.Debug|x86.ActiveCfg = Debug|Win32
		{D00A2D7E-08DD-4E24-A78C-C7070A640B44}.Debug|x86.Build.0 = Debug|Win32
		{D00A2D7E-08DD-4E24-A78C-C7070A640B44}.Release|Any CPU.ActiveCfg = Release|x64
		{D00A2D7E-08DD-4E24-A78C-C7070A640B44}.Release|Any CPU.Build.0 = Release|x64
		{D00A2D7E-08DD-4E24-A78C-C7070A640B44}.Release|ARM.ActiveCfg = Release|x64
		{D00A2D7E-08DD-4E24-A78C-C7070A640B44}.Release|ARM.Build.0 = Release|x64
		{D00A2D7E-08DD-4E24-A78C-C7070A640B44}.Release|ARM64.ActiveCfg = Release|x64
		{D00A2D7E-08DD-4E24-A78C-C7070A640B44}.Release|ARM64.Build.0 = Release|x64
		{D00A2D7E-08DD-4E24-A78C-C7070A640B44}.Release|x64.ActiveCfg = Release|x64
		{D00A2D7E-08DD-4E24-A78C-C7070A640B44}.Release|x64.Build.0 = Release|x64
		{D00A2D7E-08DD-4E24-A78C-C7070A640B44}.Release|x86.ActiveCfg = Release|Win32
		{D00A2D7E-08DD-4E24-A78C-C7070A640B44}.Release|x86.Build.0 = Release|Win32
		{F801D6CF-E68E-472E-A851-33FC9E283ADA}.Debug|Any CPU.ActiveCfg = Debug|Any CPU
		{F801D6CF-E68E-472E-A851-33FC9E283ADA}.Debug|Any CPU.Build.0 = Debug|Any CPU
		{F801D6CF-E68E-472E-A851-33FC9E283ADA}.Debug|ARM.ActiveCfg = Debug|Any CPU
		{F801D6CF-E68E-472E-A851-33FC9E283ADA}.Debug|ARM.Build.0 = Debug|Any CPU
		{F801D6CF-E68E-472E-A851-33FC9E283ADA}.Debug|ARM64.ActiveCfg = Debug|Any CPU
		{F801D6CF-E68E-472E-A851-33FC9E283ADA}.Debug|ARM64.Build.0 = Debug|Any CPU
		{F801D6CF-E68E-472E-A851-33FC9E283ADA}.Debug|x64.ActiveCfg = Debug|Any CPU
		{F801D6CF-E68E-472E-A851-33FC9E283ADA}.Debug|x64.Build.0 = Debug|Any CPU
		{F801D6CF-E68E-472E-A851-33FC9E283ADA}.Debug|x86.ActiveCfg = Debug|Any CPU
		{F801D6CF-E68E-472E-A851-33FC9E283ADA}.Debug|x86.Build.0 = Debug|Any CPU
		{F801D6CF-E68E-472E-A851-33FC9E283ADA}.Release|Any CPU.ActiveCfg = Release|Any CPU
		{F801D6CF-E68E-472E-A851-33FC9E283ADA}.Release|Any CPU.Build.0 = Release|Any CPU
		{F801D6CF-E68E-472E-A851-33FC9E283ADA}.Release|ARM.ActiveCfg = Release|Any CPU
		{F801D6CF-E68E-472E-A851-33FC9E283ADA}.Release|ARM.Build.0 = Release|Any CPU
		{F801D6CF-E68E-472E-A851-33FC9E283ADA}.Release|ARM64.ActiveCfg = Release|Any CPU
		{F801D6CF-E68E-472E-A851-33FC9E283ADA}.Release|ARM64.Build.0 = Release|Any CPU
		{F801D6CF-E68E-472E-A851-33FC9E283ADA}.Release|x64.ActiveCfg = Release|Any CPU
		{F801D6CF-E68E-472E-A851-33FC9E283ADA}.Release|x64.Build.0 = Release|Any CPU
		{F801D6CF-E68E-472E-A851-33FC9E283ADA}.Release|x86.ActiveCfg = Debug|Any CPU
		{F801D6CF-E68E-472E-A851-33FC9E283ADA}.Release|x86.Build.0 = Debug|Any CPU
		{C30080B9-2E72-4AC1-9952-9A51CC90693E}.Debug|Any CPU.ActiveCfg = Debug|x64
		{C30080B9-2E72-4AC1-9952-9A51CC90693E}.Debug|Any CPU.Build.0 = Debug|x64
		{C30080B9-2E72-4AC1-9952-9A51CC90693E}.Debug|ARM.ActiveCfg = Debug|ARM
		{C30080B9-2E72-4AC1-9952-9A51CC90693E}.Debug|ARM.Build.0 = Debug|ARM
		{C30080B9-2E72-4AC1-9952-9A51CC90693E}.Debug|ARM64.ActiveCfg = Debug|ARM64
		{C30080B9-2E72-4AC1-9952-9A51CC90693E}.Debug|ARM64.Build.0 = Debug|ARM64
		{C30080B9-2E72-4AC1-9952-9A51CC90693E}.Debug|x64.ActiveCfg = Debug|x64
		{C30080B9-2E72-4AC1-9952-9A51CC90693E}.Debug|x64.Build.0 = Debug|x64
		{C30080B9-2E72-4AC1-9952-9A51CC90693E}.Debug|x86.ActiveCfg = Debug|x86
		{C30080B9-2E72-4AC1-9952-9A51CC90693E}.Debug|x86.Build.0 = Debug|x86
		{C30080B9-2E72-4AC1-9952-9A51CC90693E}.Release|Any CPU.ActiveCfg = Release|x64
		{C30080B9-2E72-4AC1-9952-9A51CC90693E}.Release|Any CPU.Build.0 = Release|x64
		{C30080B9-2E72-4AC1-9952-9A51CC90693E}.Release|ARM.ActiveCfg = Release|ARM
		{C30080B9-2E72-4AC1-9952-9A51CC90693E}.Release|ARM.Build.0 = Release|ARM
		{C30080B9-2E72-4AC1-9952-9A51CC90693E}.Release|ARM64.ActiveCfg = Release|ARM64
		{C30080B9-2E72-4AC1-9952-9A51CC90693E}.Release|ARM64.Build.0 = Release|ARM64
		{C30080B9-2E72-4AC1-9952-9A51CC90693E}.Release|x64.ActiveCfg = Release|x64
		{C30080B9-2E72-4AC1-9952-9A51CC90693E}.Release|x64.Build.0 = Release|x64
		{C30080B9-2E72-4AC1-9952-9A51CC90693E}.Release|x86.ActiveCfg = Release|x86
		{C30080B9-2E72-4AC1-9952-9A51CC90693E}.Release|x86.Build.0 = Release|x86
		{5E9EE09E-8031-4818-BD43-99E77743AFC6}.Debug|Any CPU.ActiveCfg = Debug|x64
		{5E9EE09E-8031-4818-BD43-99E77743AFC6}.Debug|Any CPU.Build.0 = Debug|x64
		{5E9EE09E-8031-4818-BD43-99E77743AFC6}.Debug|ARM.ActiveCfg = Debug|x64
		{5E9EE09E-8031-4818-BD43-99E77743AFC6}.Debug|ARM.Build.0 = Debug|x64
		{5E9EE09E-8031-4818-BD43-99E77743AFC6}.Debug|ARM64.ActiveCfg = Debug|x64
		{5E9EE09E-8031-4818-BD43-99E77743AFC6}.Debug|ARM64.Build.0 = Debug|x64
		{5E9EE09E-8031-4818-BD43-99E77743AFC6}.Debug|x64.ActiveCfg = Debug|x64
		{5E9EE09E-8031-4818-BD43-99E77743AFC6}.Debug|x64.Build.0 = Debug|x64
		{5E9EE09E-8031-4818-BD43-99E77743AFC6}.Debug|x86.ActiveCfg = Debug|Win32
		{5E9EE09E-8031-4818-BD43-99E77743AFC6}.Debug|x86.Build.0 = Debug|Win32
		{5E9EE09E-8031-4818-BD43-99E77743AFC6}.Release|Any CPU.ActiveCfg = Release|x64
		{5E9EE09E-8031-4818-BD43-99E77743AFC6}.Release|Any CPU.Build.0 = Release|x64
		{5E9EE09E-8031-4818-BD43-99E77743AFC6}.Release|ARM.ActiveCfg = Release|x64
		{5E9EE09E-8031-4818-BD43-99E77743AFC6}.Release|ARM.Build.0 = Release|x64
		{5E9EE09E-8031-4818-BD43-99E77743AFC6}.Release|ARM64.ActiveCfg = Release|x64
		{5E9EE09E-8031-4818-BD43-99E77743AFC6}.Release|ARM64.Build.0 = Release|x64
		{5E9EE09E-8031-4818-BD43-99E77743AFC6}.Release|x64.ActiveCfg = Release|x64
		{5E9EE09E-8031-4818-BD43-99E77743AFC6}.Release|x64.Build.0 = Release|x64
		{5E9EE09E-8031-4818-BD43-99E77743AFC6}.Release|x86.ActiveCfg = Release|x64
		{5E9EE09E-8031-4818-BD43-99E77743AFC6}.Release|x86.Build.0 = Release|x64
		{E168D24B-9D26-4203-8912-38E6B5409535}.Debug|Any CPU.ActiveCfg = Debug|x64
		{E168D24B-9D26-4203-8912-38E6B5409535}.Debug|Any CPU.Build.0 = Debug|x64
		{E168D24B-9D26-4203-8912-38E6B5409535}.Debug|ARM.ActiveCfg = Debug|x64
		{E168D24B-9D26-4203-8912-38E6B5409535}.Debug|ARM.Build.0 = Debug|x64
		{E168D24B-9D26-4203-8912-38E6B5409535}.Debug|ARM64.ActiveCfg = Debug|x64
		{E168D24B-9D26-4203-8912-38E6B5409535}.Debug|ARM64.Build.0 = Debug|x64
		{E168D24B-9D26-4203-8912-38E6B5409535}.Debug|x64.ActiveCfg = Debug|x64
		{E168D24B-9D26-4203-8912-38E6B5409535}.Debug|x64.Build.0 = Debug|x64
		{E168D24B-9D26-4203-8912-38E6B5409535}.Debug|x86.ActiveCfg = Debug|Win32
		{E168D24B-9D26-4203-8912-38E6B5409535}.Debug|x86.Build.0 = Debug|Win32
		{E168D24B-9D26-4203-8912-38E6B5409535}.Release|Any CPU.ActiveCfg = Release|x64
		{E168D24B-9D26-4203-8912-38E6B5409535}.Release|Any CPU.Build.0 = Release|x64
		{E168D24B-9D26-4203-8912-38E6B5409535}.Release|ARM.ActiveCfg = Release|x64
		{E168D24B-9D26-4203-8912-38E6B5409535}.Release|ARM.Build.0 = Release|x64
		{E168D24B-9D26-4203-8912-38E6B5409535}.Release|ARM64.ActiveCfg = Release|x64
		{E168D24B-9D26-4203-8912-38E6B5409535}.Release|ARM64.Build.0 = Release|x64
		{E168D24B-9D26-4203-8912-38E6B5409535}.Release|x64.ActiveCfg = Release|x64
		{E168D24B-9D26-4203-8912-38E6B5409535}.Release|x64.Build.0 = Release|x64
		{E168D24B-9D26-4203-8912-38E6B5409535}.Release|x86.ActiveCfg = Release|Win32
		{E168D24B-9D26-4203-8912-38E6B5409535}.Release|x86.Build.0 = Release|Win32
	EndGlobalSection
	GlobalSection(SolutionProperties) = preSolution
		HideSolutionNode = FALSE
	EndGlobalSection
	GlobalSection(ExtensibilityGlobals) = postSolution
		SolutionGuid = {DAD08A73-0E1A-4EE8-9AD0-00EAE2C46FA3}
	EndGlobalSection
EndGlobal
